{
  "name": "konto.bratislava.sk",
  "lockfileVersion": 3,
  "requires": true,
  "packages": {
    "": {
      "dependencies": {
        "aws-jwt-verify": "^5.0.0"
      }
    },
    "node_modules/aws-jwt-verify": {
      "version": "5.0.0",
      "resolved": "https://registry.npmjs.org/aws-jwt-verify/-/aws-jwt-verify-5.0.0.tgz",
      "integrity": "sha512-FQM5EYEm7AnVJ3oeTpvBZQm7hYnpI067Em1oopHBs7cCNAcw8Aw8NFbojFjkNXifsOzyYe1ks+bg7Q9fMsTZSA==",
      "license": "Apache-2.0",
      "engines": {
        "node": ">=16.0.0"
      }
    }
  }
}
